
Microsoft Visual Studio Solution File, Format Version 12.00
# Visual Studio Version 16
VisualStudioVersion = 16.0.30413.136
MinimumVisualStudioVersion = 10.0.40219.1
Project("{FAE04EC0-301F-11D3-BF4B-00C04F79EFBC}") = "Kickoff", "Kickoff\Kickoff.csproj", "{45E1BF39-5ABA-495E-B0FC-53538546818C}"
EndProject
Project("{FAE04EC0-301F-11D3-BF4B-00C04F79EFBC}") = "Kickoff.Tests", "Kickoff.Tests\Kickoff.Tests.csproj", "{DEEFBC8F-79D0-40BF-BB61-7EF7D2691E81}"
EndProject
Project("{FAE04EC0-301F-11D3-BF4B-00C04F79EFBC}") = "Kickoff.Constants", "Kickoff.Constants\Kickoff.Constants.csproj", "{73256114-40D2-4AE1-AB72-7C04A2632759}"
EndProject
Project("{FAE04EC0-301F-11D3-BF4B-00C04F79EFBC}") = "Kickoff.Services", "Kickoff.Services\Kickoff.Services.csproj", "{999C8F65-E6DF-4154-A74B-C06FE4BCFA4B}"
EndProject
Project("{FAE04EC0-301F-11D3-BF4B-00C04F79EFBC}") = "Kickoff.Models", "Kickoff.Models\Kickoff.Models.csproj", "{5471373F-6C2F-4165-9629-AAE031705E07}"
EndProject
Global
	GlobalSection(SolutionConfigurationPlatforms) = preSolution
		Debug|Any CPU = Debug|Any CPU
		Release|Any CPU = Release|Any CPU
	EndGlobalSection
	GlobalSection(ProjectConfigurationPlatforms) = postSolution
		{45E1BF39-5ABA-495E-B0FC-53538546818C}.Debug|Any CPU.ActiveCfg = Debug|Any CPU
		{45E1BF39-5ABA-495E-B0FC-53538546818C}.Debug|Any CPU.Build.0 = Debug|Any CPU
		{45E1BF39-5ABA-495E-B0FC-53538546818C}.Release|Any CPU.ActiveCfg = Release|Any CPU
		{45E1BF39-5ABA-495E-B0FC-53538546818C}.Release|Any CPU.Build.0 = Release|Any CPU
		{DEEFBC8F-79D0-40BF-BB61-7EF7D2691E81}.Debug|Any CPU.ActiveCfg = Debug|Any CPU
		{DEEFBC8F-79D0-40BF-BB61-7EF7D2691E81}.Debug|Any CPU.Build.0 = Debug|Any CPU
		{DEEFBC8F-79D0-40BF-BB61-7EF7D2691E81}.Release|Any CPU.ActiveCfg = Release|Any CPU
		{DEEFBC8F-79D0-40BF-BB61-7EF7D2691E81}.Release|Any CPU.Build.0 = Release|Any CPU
		{73256114-40D2-4AE1-AB72-7C04A2632759}.Debug|Any CPU.ActiveCfg = Debug|Any CPU
		{73256114-40D2-4AE1-AB72-7C04A2632759}.Debug|Any CPU.Build.0 = Debug|Any CPU
		{73256114-40D2-4AE1-AB72-7C04A2632759}.Release|Any CPU.ActiveCfg = Release|Any CPU
		{73256114-40D2-4AE1-AB72-7C04A2632759}.Release|Any CPU.Build.0 = Release|Any CPU
		{999C8F65-E6DF-4154-A74B-C06FE4BCFA4B}.Debug|Any CPU.ActiveCfg = Debug|Any CPU
		{999C8F65-E6DF-4154-A74B-C06FE4BCFA4B}.Debug|Any CPU.Build.0 = Debug|Any CPU
		{999C8F65-E6DF-4154-A74B-C06FE4BCFA4B}.Release|Any CPU.ActiveCfg = Release|Any CPU
		{999C8F65-E6DF-4154-A74B-C06FE4BCFA4B}.Release|Any CPU.Build.0 = Release|Any CPU
		{5471373F-6C2F-4165-9629-AAE031705E07}.Debug|Any CPU.ActiveCfg = Debug|Any CPU
		{5471373F-6C2F-4165-9629-AAE031705E07}.Debug|Any CPU.Build.0 = Debug|Any CPU
		{5471373F-6C2F-4165-9629-AAE031705E07}.Release|Any CPU.ActiveCfg = Release|Any CPU
		{5471373F-6C2F-4165-9629-AAE031705E07}.Release|Any CPU.Build.0 = Release|Any CPU
	EndGlobalSection
	GlobalSection(SolutionProperties) = preSolution
		HideSolutionNode = FALSE
	EndGlobalSection
	GlobalSection(ExtensibilityGlobals) = postSolution
		SolutionGuid = {081B9A69-B024-4714-9025-5A34C051549E}
	EndGlobalSection
EndGlobal
